{
	"name": "uniapp",
	"lockfileVersion": 2,
	"requires": true,
	"packages": {
		"": {
			"dependencies": {
				"@dcloudio/uni-ui": "^1.1.8",
				"jweixin-module": "^1.6.0",
				"lodash": "^4.17.15",
				"moment": "^2.30.1",
				"tki-qrcode": "^0.1.6"
			}
		},
		"node_modules/@dcloudio/uni-ui": {
			"version": "1.2.10",
			"resolved": "https://registry.npmjs.org/@dcloudio/uni-ui/-/uni-ui-1.2.10.tgz",
			"integrity": "sha512-IIcy8HYvSt97AaqideSQSHcXR0daoa1ay4IfSLMNf4CTid5u0Lxx4SdzQwYWGDeUUbKPtQ7CSBPRqN0LmXRsFQ=="
		},
		"node_modules/jweixin-module": {
			"version": "1.6.0",
			"resolved": "https://registry.npmjs.org/jweixin-module/-/jweixin-module-1.6.0.tgz",
			"integrity": "sha512-dGk9cf+ipipHmtzYmKZs5B2toX+p4hLyllGLF6xuC8t+B05oYxd8fYoaRz0T30U2n3RUv8a4iwvjhA+OcYz52w==",
			"license": "ISC"
		},
		"node_modules/lodash": {
			"version": "4.17.15",
			"resolved": "https://registry.npmjs.org/lodash/-/lodash-4.17.15.tgz",
			"integrity": "sha512-8xOcRHvCjnocdS5cpwXQXVzmmh5e5+saE2QGoeQmbKmRS6J3VQppPOIt0MnmE+4xlZoumy0GPG0D0MVIQbNA1A=="
		},
		"node_modules/moment": {
			"version": "2.30.1",
			"resolved": "https://registry.npmmirror.com/moment/-/moment-2.30.1.tgz",
			"integrity": "sha512-uEmtNhbDOrWPFS+hdjFCBfy9f2YoyzRpwcl+DqpC6taX21FzsTLQVbMV/W7PzNSX6x/bhC1zA3c2UQ5NzH6how==",
			"engines": {
				"node": "*"
			}
		},
		"node_modules/tki-qrcode": {
			"version": "0.1.6",
			"resolved": "https://registry.npmmirror.com/tki-qrcode/-/tki-qrcode-0.1.6.tgz",
			"integrity": "sha512-EnnlS8psowC7PsW3MDYcxvJYkuklX3WAZ/BYanR4TdBHTu74GfjTBX8Y16REP+AeDENiVtBPh4jtTRL2P736hQ=="
		}
	},
	"dependencies": {
		"@dcloudio/uni-ui": {
			"version": "1.2.10",
			"resolved": "https://registry.npmjs.org/@dcloudio/uni-ui/-/uni-ui-1.2.10.tgz",
			"integrity": "sha512-IIcy8HYvSt97AaqideSQSHcXR0daoa1ay4IfSLMNf4CTid5u0Lxx4SdzQwYWGDeUUbKPtQ7CSBPRqN0LmXRsFQ=="
		},
		"jweixin-module": {
			"version": "1.6.0",
			"resolved": "https://registry.npmjs.org/jweixin-module/-/jweixin-module-1.6.0.tgz",
			"integrity": "sha512-dGk9cf+ipipHmtzYmKZs5B2toX+p4hLyllGLF6xuC8t+B05oYxd8fYoaRz0T30U2n3RUv8a4iwvjhA+OcYz52w=="
		},
		"lodash": {
			"version": "4.17.15",
			"resolved": "https://registry.npmjs.org/lodash/-/lodash-4.17.15.tgz",
			"integrity": "sha512-8xOcRHvCjnocdS5cpwXQXVzmmh5e5+saE2QGoeQmbKmRS6J3VQppPOIt0MnmE+4xlZoumy0GPG0D0MVIQbNA1A=="
		},
		"moment": {
			"version": "2.30.1",
			"resolved": "https://registry.npmmirror.com/moment/-/moment-2.30.1.tgz",
			"integrity": "sha512-uEmtNhbDOrWPFS+hdjFCBfy9f2YoyzRpwcl+DqpC6taX21FzsTLQVbMV/W7PzNSX6x/bhC1zA3c2UQ5NzH6how=="
		},
		"tki-qrcode": {
			"version": "0.1.6",
			"resolved": "https://registry.npmmirror.com/tki-qrcode/-/tki-qrcode-0.1.6.tgz",
			"integrity": "sha512-EnnlS8psowC7PsW3MDYcxvJYkuklX3WAZ/BYanR4TdBHTu74GfjTBX8Y16REP+AeDENiVtBPh4jtTRL2P736hQ=="
		}
	}
}
